
Microsoft Visual Studio Solution File, Format Version 12.00
# Visual Studio Version 17
VisualStudioVersion = 17.9.34728.123
MinimumVisualStudioVersion = 10.0.40219.1
Project("{8BC9CEB8-8B4A-11D0-8D11-00A0C91BC942}") = "PersonalDevControl", "PersonalDevControl.vcxproj", "{89331C3D-7C13-4082-922D-6C25E0CF82EC}"
EndProject
Global
	GlobalSection(SolutionConfigurationPlatforms) = preSolution
		Debug|x64 = Debug|x64
		Release|x64 = Release|x64
	EndGlobalSection
	GlobalSection(ProjectConfigurationPlatforms) = postSolution
		{89331C3D-7C13-4082-922D-6C25E0CF82EC}.Debug|x64.ActiveCfg = Debug|x64
		{89331C3D-7C13-4082-922D-6C25E0CF82EC}.Debug|x64.Build.0 = Debug|x64
		{89331C3D-7C13-4082-922D-6C25E0CF82EC}.Release|x64.ActiveCfg = Release|x64
		{89331C3D-7C13-4082-922D-6C25E0CF82EC}.Release|x64.Build.0 = Release|x64
	EndGlobalSection
	GlobalSection(SolutionProperties) = preSolution
		HideSolutionNode = FALSE
	EndGlobalSection
	GlobalSection(ExtensibilityGlobals) = postSolution
		SolutionGuid = {38F2CD81-9C13-4F02-BB86-8BB44FBC09D6}
	EndGlobalSection
EndGlobal
